
Microsoft Visual Studio Solution File, Format Version 12.00
# Visual Studio Version 18
VisualStudioVersion = 18.6.11822.322 stable
MinimumVisualStudioVersion = 10.0.40219.1
Project("{FAE04EC0-301F-11D3-BF4B-00C04F79EFBC}") = "UmhBackend", "UmhBackend.csproj", "{EE23E5B2-DC91-0FA0-651D-0A440CABA0D9}"
EndProject
Global
	GlobalSection(SolutionConfigurationPlatforms) = preSolution
		Debug|Any CPU = Debug|Any CPU
		Release|Any CPU = Release|Any CPU
	EndGlobalSection
	GlobalSection(ProjectConfigurationPlatforms) = postSolution
		{EE23E5B2-DC91-0FA0-651D-0A440CABA0D9}.Debug|Any CPU.ActiveCfg = Debug|Any CPU
		{EE23E5B2-DC91-0FA0-651D-0A440CABA0D9}.Debug|Any CPU.Build.0 = Debug|Any CPU
		{EE23E5B2-DC91-0FA0-651D-0A440CABA0D9}.Release|Any CPU.ActiveCfg = Release|Any CPU
		{EE23E5B2-DC91-0FA0-651D-0A440CABA0D9}.Release|Any CPU.Build.0 = Release|Any CPU
	EndGlobalSection
	GlobalSection(SolutionProperties) = preSolution
		HideSolutionNode = FALSE
	EndGlobalSection
	GlobalSection(ExtensibilityGlobals) = postSolution
		SolutionGuid = {272CE0FE-EEDE-413B-9A15-113149C8EC8C}
	EndGlobalSection
EndGlobal
